
Microsoft Visual Studio Solution File, Format Version 12.00
# Visual Studio Version 16
VisualStudioVersion = 16.0.31205.134
MinimumVisualStudioVersion = 10.0.40219.1
Project("{FAE04EC0-301F-11D3-BF4B-00C04F79EFBC}") = "SZTF2_Mzh02_megoldas", "SZTF2_Mzh02_megoldas\SZTF2_Mzh02_megoldas.csproj", "{046B854A-9013-4B75-9E42-23F38353430D}"
EndProject
Global
	GlobalSection(SolutionConfigurationPlatforms) = preSolution
		Debug|Any CPU = Debug|Any CPU
		Release|Any CPU = Release|Any CPU
	EndGlobalSection
	GlobalSection(ProjectConfigurationPlatforms) = postSolution
		{046B854A-9013-4B75-9E42-23F38353430D}.Debug|Any CPU.ActiveCfg = Debug|Any CPU
		{046B854A-9013-4B75-9E42-23F38353430D}.Debug|Any CPU.Build.0 = Debug|Any CPU
		{046B854A-9013-4B75-9E42-23F38353430D}.Release|Any CPU.ActiveCfg = Release|Any CPU
		{046B854A-9013-4B75-9E42-23F38353430D}.Release|Any CPU.Build.0 = Release|Any CPU
	EndGlobalSection
	GlobalSection(SolutionProperties) = preSolution
		HideSolutionNode = FALSE
	EndGlobalSection
	GlobalSection(ExtensibilityGlobals) = postSolution
		SolutionGuid = {0D771163-9115-4902-B261-C1457A4E3CED}
	EndGlobalSection
EndGlobal
